
Microsoft Visual Studio Solution File, Format Version 12.00
# Visual Studio Version 17
VisualStudioVersion = 17.6.33829.357
MinimumVisualStudioVersion = 10.0.40219.1
Project("{2150E333-8FDC-42A3-9474-1A3956D46DE8}") = "Domain", "Domain", "{A66C27FF-A6ED-4EA2-A0FD-E7446B0F9EBE}"
EndProject
Project("{2150E333-8FDC-42A3-9474-1A3956D46DE8}") = "Infraestructure", "Infraestructure", "{27E9A3AC-4DDE-4FCF-8C26-C29CFE5E9AD0}"
EndProject
Project("{2150E333-8FDC-42A3-9474-1A3956D46DE8}") = "Microservices", "Microservices", "{BB79FC0B-0153-4645-826F-8FB991D1827D}"
EndProject
Project("{2150E333-8FDC-42A3-9474-1A3956D46DE8}") = "Muchik.Market.Security", "Muchik.Market.Security", "{E275F205-4136-45B8-B512-735B0AB1CD92}"
EndProject
Project("{2150E333-8FDC-42A3-9474-1A3956D46DE8}") = "Muchik.Market.Invoice", "Muchik.Market.Invoice", "{ECD5BFB9-C75F-42E4-9201-91A31EBCEF38}"
EndProject
Project("{2150E333-8FDC-42A3-9474-1A3956D46DE8}") = "Muchik.Market.Pay", "Muchik.Market.Pay", "{9F3119F2-557B-42D2-9B10-0CDE06024350}"
EndProject
Project("{2150E333-8FDC-42A3-9474-1A3956D46DE8}") = "Muchik.Market.Transaction", "Muchik.Market.Transaction", "{B894DAEC-7C76-4639-8E5E-A01A081FD709}"
EndProject
Project("{2150E333-8FDC-42A3-9474-1A3956D46DE8}") = "Application", "Application", "{FF4FD6C8-D48B-45D6-8130-9FD46BC28439}"
EndProject
Project("{2150E333-8FDC-42A3-9474-1A3956D46DE8}") = "Domain", "Domain", "{2A30FDD4-744B-4A59-8DEB-7007860A5965}"
EndProject
Project("{2150E333-8FDC-42A3-9474-1A3956D46DE8}") = "Infraestructure", "Infraestructure", "{45C0959A-AEAD-4A39-B205-2BB7255F4291}"
EndProject
Project("{2150E333-8FDC-42A3-9474-1A3956D46DE8}") = "Presentation", "Presentation", "{E250B45F-C678-44CF-81A9-DD7E53CCF186}"
EndProject
Project("{9A19103F-16F7-4668-BE54-9A1E7A4F7556}") = "muchik.market.pay.domain", "muchik.market.pay.domain\muchik.market.pay.domain.csproj", "{40B4AE45-5EC6-4279-8A29-E8AE9B34578D}"
EndProject
Project("{9A19103F-16F7-4668-BE54-9A1E7A4F7556}") = "muchik.market.pay.application", "muchik.market.pay.application\muchik.market.pay.application.csproj", "{438FE957-2E90-4718-B117-424B9A3C9BC4}"
EndProject
Project("{9A19103F-16F7-4668-BE54-9A1E7A4F7556}") = "muchik.market.pay.infraestructure", "muchik.market.pay.infraestructure\muchik.market.pay.infraestructure.csproj", "{1597F19D-983C-4FF8-B3D5-4A426BE83819}"
EndProject
Project("{9A19103F-16F7-4668-BE54-9A1E7A4F7556}") = "muchik.market.pay.api", "muchik.market.pay.api\muchik.market.pay.api.csproj", "{C46044DE-43F1-4E05-93BE-D87380921D03}"
EndProject
Project("{9A19103F-16F7-4668-BE54-9A1E7A4F7556}") = "muchik.market.domain", "Muchik.Market.Domain\muchik.market.domain.csproj", "{11314606-39F8-4E41-AC94-4D7F9BE5B375}"
EndProject
Project("{2150E333-8FDC-42A3-9474-1A3956D46DE8}") = "Application", "Application", "{67D2D895-2CDE-4C51-9DC6-F5F9D3995118}"
EndProject
Project("{2150E333-8FDC-42A3-9474-1A3956D46DE8}") = "Domain", "Domain", "{10CB0076-FA83-4F05-8B69-CA08EDA11B41}"
EndProject
Project("{2150E333-8FDC-42A3-9474-1A3956D46DE8}") = "Infraestructure", "Infraestructure", "{52432550-D8F0-4724-8DF8-7611B0E8E5E9}"
EndProject
Project("{2150E333-8FDC-42A3-9474-1A3956D46DE8}") = "Presentation", "Presentation", "{4C748D00-F5FD-4D24-A772-DCC41530E8AF}"
EndProject
Project("{2150E333-8FDC-42A3-9474-1A3956D46DE8}") = "Application", "Application", "{6D23A238-137C-4328-A5A6-9DB97B796171}"
EndProject
Project("{2150E333-8FDC-42A3-9474-1A3956D46DE8}") = "Domain", "Domain", "{5742F0BC-48C4-40F8-BE1E-0086CF698408}"
EndProject
Project("{2150E333-8FDC-42A3-9474-1A3956D46DE8}") = "Infraestructure", "Infraestructure", "{3B05B496-2E19-40BE-96CF-32E6167830A4}"
EndProject
Project("{2150E333-8FDC-42A3-9474-1A3956D46DE8}") = "Presentation", "Presentation", "{0BA07F61-B14B-4CC6-AB20-8D4827177E74}"
EndProject
Project("{9A19103F-16F7-4668-BE54-9A1E7A4F7556}") = "muchik.market.security.application", "muchik.market.security.application\muchik.market.security.application.csproj", "{F7BF3780-0DB4-43D3-B1B1-7EC4EDD9D9AD}"
EndProject
Project("{9A19103F-16F7-4668-BE54-9A1E7A4F7556}") = "muchik.market.security.domain", "muchik.market.security.domain\muchik.market.security.domain.csproj", "{DA3D1EE2-E3ED-43EE-9BD8-5E5A84CAD539}"
EndProject
Project("{9A19103F-16F7-4668-BE54-9A1E7A4F7556}") = "muchik.market.security.infraestructure", "muchik.market.security.infraestructure\muchik.market.security.infraestructure.csproj", "{415C4A07-DC5F-49B4-882F-B8457347CFEE}"
EndProject
Project("{9A19103F-16F7-4668-BE54-9A1E7A4F7556}") = "muchik.market.invoice.application", "muchik.market.invoice.application\muchik.market.invoice.application.csproj", "{BDD12667-940B-453F-BF5B-330C061E02B4}"
EndProject
Project("{9A19103F-16F7-4668-BE54-9A1E7A4F7556}") = "muchik.market.invoice.domain", "muchik.market.invoice.domain\muchik.market.invoice.domain.csproj", "{24D005CE-A72E-4933-8DB9-3566549A374D}"
EndProject
Project("{9A19103F-16F7-4668-BE54-9A1E7A4F7556}") = "muchik.market.invoice.infraestructure", "muchik.market.invoice.infraestructure\muchik.market.invoice.infraestructure.csproj", "{54DD3ECF-CED7-414B-83AE-8485C004378E}"
EndProject
Project("{9A19103F-16F7-4668-BE54-9A1E7A4F7556}") = "muchik.market.invoice.api", "muchik.market.invoice.api\muchik.market.invoice.api.csproj", "{B3A30ACD-B240-4D62-A585-3551391F43B9}"
EndProject
Project("{9A19103F-16F7-4668-BE54-9A1E7A4F7556}") = "muchik.market.security.api", "muchik.market.security.api\muchik.market.security.api.csproj", "{49DC80DF-A999-45B3-B64D-0018808C496D}"
EndProject
Project("{2150E333-8FDC-42A3-9474-1A3956D46DE8}") = "Bus", "Bus", "{3EED07C7-07A3-4F67-925C-8D815179B6E1}"
EndProject
Project("{2150E333-8FDC-42A3-9474-1A3956D46DE8}") = "Cross-Cutting", "Cross-Cutting", "{3F99FAB5-E592-45A5-A06D-D234930E3D58}"
EndProject
Project("{9A19103F-16F7-4668-BE54-9A1E7A4F7556}") = "muchik.market.infrasctructure.crosscutting", "muchik.market.infrasctructure.crosscutting\muchik.market.infrasctructure.crosscutting.csproj", "{C657FE09-5CBC-4857-BB1C-66D85E489456}"
EndProject
Project("{E53339B2-1760-4266-BCC7-CA923CBCF16C}") = "docker-compose", "docker-compose.dcproj", "{158A2B93-F42E-4549-982A-CBBB56FD7530}"
EndProject
Project("{2150E333-8FDC-42A3-9474-1A3956D46DE8}") = "API Gateway", "API Gateway", "{CC93E5A2-0E60-4C7B-8591-C068093AD538}"
EndProject
Project("{9A19103F-16F7-4668-BE54-9A1E7A4F7556}") = "muchik.market.api.gateway", "muchik.market.api.gateway\muchik.market.api.gateway.csproj", "{A642CCF3-FF80-4B30-9DEB-D474FD593E8F}"
EndProject
Project("{9A19103F-16F7-4668-BE54-9A1E7A4F7556}") = "muchik.market.infrastructure.bus", "muchik.market.infrastructure.bus\muchik.market.infrastructure.bus.csproj", "{DE2F5FB0-8459-4C88-A4EF-02CE76E08A7B}"
EndProject
Project("{2150E333-8FDC-42A3-9474-1A3956D46DE8}") = "Application", "Application", "{89C4B08A-033E-47D0-9A44-9E5DD6127967}"
EndProject
Project("{2150E333-8FDC-42A3-9474-1A3956D46DE8}") = "Domain", "Domain", "{36CAEC58-3511-4BCD-A565-4C9F710D4B24}"
EndProject
Project("{2150E333-8FDC-42A3-9474-1A3956D46DE8}") = "Infraestructure", "Infraestructure", "{81AC5588-9C16-49DF-A910-746C2AA86F4E}"
EndProject
Project("{2150E333-8FDC-42A3-9474-1A3956D46DE8}") = "Presentation", "Presentation", "{92B2BD21-EB42-4F77-8B74-1910C76ACB88}"
EndProject
Project("{FAE04EC0-301F-11D3-BF4B-00C04F79EFBC}") = "muchik.market.transaction.application", "muchik.market.transaction.application\muchik.market.transaction.application.csproj", "{A05FB261-DC59-4279-9000-503260DAD47B}"
EndProject
Project("{FAE04EC0-301F-11D3-BF4B-00C04F79EFBC}") = "muchik.market.transaction.domain", "muchik.market.transaction.domain\muchik.market.transaction.domain.csproj", "{052D7EF1-EB75-41F0-9845-469CC18193C4}"
EndProject
Project("{FAE04EC0-301F-11D3-BF4B-00C04F79EFBC}") = "muchik.market.transaction.infraestructure", "muchik.market.transaction.infraestructure\muchik.market.transaction.infraestructure.csproj", "{BD09C760-9785-491A-B6B9-D09E8F5F5A48}"
EndProject
Project("{FAE04EC0-301F-11D3-BF4B-00C04F79EFBC}") = "muchik.market.transaction.api", "muchik.market.transaction.api\muchik.market.transaction.api.csproj", "{FCE6F394-DF05-42FF-A2F4-B3AD4EAD6EB4}"
EndProject
Global
	GlobalSection(SolutionConfigurationPlatforms) = preSolution
		Debug|Any CPU = Debug|Any CPU
		Release|Any CPU = Release|Any CPU
	EndGlobalSection
	GlobalSection(ProjectConfigurationPlatforms) = postSolution
		{40B4AE45-5EC6-4279-8A29-E8AE9B34578D}.Debug|Any CPU.ActiveCfg = Debug|Any CPU
		{40B4AE45-5EC6-4279-8A29-E8AE9B34578D}.Debug|Any CPU.Build.0 = Debug|Any CPU
		{40B4AE45-5EC6-4279-8A29-E8AE9B34578D}.Release|Any CPU.ActiveCfg = Release|Any CPU
		{40B4AE45-5EC6-4279-8A29-E8AE9B34578D}.Release|Any CPU.Build.0 = Release|Any CPU
		{438FE957-2E90-4718-B117-424B9A3C9BC4}.Debug|Any CPU.ActiveCfg = Debug|Any CPU
		{438FE957-2E90-4718-B117-424B9A3C9BC4}.Debug|Any CPU.Build.0 = Debug|Any CPU
		{438FE957-2E90-4718-B117-424B9A3C9BC4}.Release|Any CPU.ActiveCfg = Release|Any CPU
		{438FE957-2E90-4718-B117-424B9A3C9BC4}.Release|Any CPU.Build.0 = Release|Any CPU
		{1597F19D-983C-4FF8-B3D5-4A426BE83819}.Debug|Any CPU.ActiveCfg = Debug|Any CPU
		{1597F19D-983C-4FF8-B3D5-4A426BE83819}.Debug|Any CPU.Build.0 = Debug|Any CPU
		{1597F19D-983C-4FF8-B3D5-4A426BE83819}.Release|Any CPU.ActiveCfg = Release|Any CPU
		{1597F19D-983C-4FF8-B3D5-4A426BE83819}.Release|Any CPU.Build.0 = Release|Any CPU
		{C46044DE-43F1-4E05-93BE-D87380921D03}.Debug|Any CPU.ActiveCfg = Debug|Any CPU
		{C46044DE-43F1-4E05-93BE-D87380921D03}.Debug|Any CPU.Build.0 = Debug|Any CPU
		{C46044DE-43F1-4E05-93BE-D87380921D03}.Release|Any CPU.ActiveCfg = Release|Any CPU
		{C46044DE-43F1-4E05-93BE-D87380921D03}.Release|Any CPU.Build.0 = Release|Any CPU
		{11314606-39F8-4E41-AC94-4D7F9BE5B375}.Debug|Any CPU.ActiveCfg = Debug|Any CPU
		{11314606-39F8-4E41-AC94-4D7F9BE5B375}.Debug|Any CPU.Build.0 = Debug|Any CPU
		{11314606-39F8-4E41-AC94-4D7F9BE5B375}.Release|Any CPU.ActiveCfg = Release|Any CPU
		{11314606-39F8-4E41-AC94-4D7F9BE5B375}.Release|Any CPU.Build.0 = Release|Any CPU
		{F7BF3780-0DB4-43D3-B1B1-7EC4EDD9D9AD}.Debug|Any CPU.ActiveCfg = Debug|Any CPU
		{F7BF3780-0DB4-43D3-B1B1-7EC4EDD9D9AD}.Debug|Any CPU.Build.0 = Debug|Any CPU
		{F7BF3780-0DB4-43D3-B1B1-7EC4EDD9D9AD}.Release|Any CPU.ActiveCfg = Release|Any CPU
		{F7BF3780-0DB4-43D3-B1B1-7EC4EDD9D9AD}.Release|Any CPU.Build.0 = Release|Any CPU
		{DA3D1EE2-E3ED-43EE-9BD8-5E5A84CAD539}.Debug|Any CPU.ActiveCfg = Debug|Any CPU
		{DA3D1EE2-E3ED-43EE-9BD8-5E5A84CAD539}.Debug|Any CPU.Build.0 = Debug|Any CPU
		{DA3D1EE2-E3ED-43EE-9BD8-5E5A84CAD539}.Release|Any CPU.ActiveCfg = Release|Any CPU
		{DA3D1EE2-E3ED-43EE-9BD8-5E5A84CAD539}.Release|Any CPU.Build.0 = Release|Any CPU
		{415C4A07-DC5F-49B4-882F-B8457347CFEE}.Debug|Any CPU.ActiveCfg = Debug|Any CPU
		{415C4A07-DC5F-49B4-882F-B8457347CFEE}.Debug|Any CPU.Build.0 = Debug|Any CPU
		{415C4A07-DC5F-49B4-882F-B8457347CFEE}.Release|Any CPU.ActiveCfg = Release|Any CPU
		{415C4A07-DC5F-49B4-882F-B8457347CFEE}.Release|Any CPU.Build.0 = Release|Any CPU
		{BDD12667-940B-453F-BF5B-330C061E02B4}.Debug|Any CPU.ActiveCfg = Debug|Any CPU
		{BDD12667-940B-453F-BF5B-330C061E02B4}.Debug|Any CPU.Build.0 = Debug|Any CPU
		{BDD12667-940B-453F-BF5B-330C061E02B4}.Release|Any CPU.ActiveCfg = Release|Any CPU
		{BDD12667-940B-453F-BF5B-330C061E02B4}.Release|Any CPU.Build.0 = Release|Any CPU
		{24D005CE-A72E-4933-8DB9-3566549A374D}.Debug|Any CPU.ActiveCfg = Debug|Any CPU
		{24D005CE-A72E-4933-8DB9-3566549A374D}.Debug|Any CPU.Build.0 = Debug|Any CPU
		{24D005CE-A72E-4933-8DB9-3566549A374D}.Release|Any CPU.ActiveCfg = Release|Any CPU
		{24D005CE-A72E-4933-8DB9-3566549A374D}.Release|Any CPU.Build.0 = Release|Any CPU
		{54DD3ECF-CED7-414B-83AE-8485C004378E}.Debug|Any CPU.ActiveCfg = Debug|Any CPU
		{54DD3ECF-CED7-414B-83AE-8485C004378E}.Debug|Any CPU.Build.0 = Debug|Any CPU
		{54DD3ECF-CED7-414B-83AE-8485C004378E}.Release|Any CPU.ActiveCfg = Release|Any CPU
		{54DD3ECF-CED7-414B-83AE-8485C004378E}.Release|Any CPU.Build.0 = Release|Any CPU
		{B3A30ACD-B240-4D62-A585-3551391F43B9}.Debug|Any CPU.ActiveCfg = Debug|Any CPU
		{B3A30ACD-B240-4D62-A585-3551391F43B9}.Debug|Any CPU.Build.0 = Debug|Any CPU
		{B3A30ACD-B240-4D62-A585-3551391F43B9}.Release|Any CPU.ActiveCfg = Release|Any CPU
		{B3A30ACD-B240-4D62-A585-3551391F43B9}.Release|Any CPU.Build.0 = Release|Any CPU
		{49DC80DF-A999-45B3-B64D-0018808C496D}.Debug|Any CPU.ActiveCfg = Debug|Any CPU
		{49DC80DF-A999-45B3-B64D-0018808C496D}.Debug|Any CPU.Build.0 = Debug|Any CPU
		{49DC80DF-A999-45B3-B64D-0018808C496D}.Release|Any CPU.ActiveCfg = Release|Any CPU
		{49DC80DF-A999-45B3-B64D-0018808C496D}.Release|Any CPU.Build.0 = Release|Any CPU
		{C657FE09-5CBC-4857-BB1C-66D85E489456}.Debug|Any CPU.ActiveCfg = Debug|Any CPU
		{C657FE09-5CBC-4857-BB1C-66D85E489456}.Debug|Any CPU.Build.0 = Debug|Any CPU
		{C657FE09-5CBC-4857-BB1C-66D85E489456}.Release|Any CPU.ActiveCfg = Release|Any CPU
		{C657FE09-5CBC-4857-BB1C-66D85E489456}.Release|Any CPU.Build.0 = Release|Any CPU
		{158A2B93-F42E-4549-982A-CBBB56FD7530}.Debug|Any CPU.ActiveCfg = Debug|Any CPU
		{158A2B93-F42E-4549-982A-CBBB56FD7530}.Debug|Any CPU.Build.0 = Debug|Any CPU
		{158A2B93-F42E-4549-982A-CBBB56FD7530}.Release|Any CPU.ActiveCfg = Release|Any CPU
		{158A2B93-F42E-4549-982A-CBBB56FD7530}.Release|Any CPU.Build.0 = Release|Any CPU
		{A642CCF3-FF80-4B30-9DEB-D474FD593E8F}.Debug|Any CPU.ActiveCfg = Debug|Any CPU
		{A642CCF3-FF80-4B30-9DEB-D474FD593E8F}.Debug|Any CPU.Build.0 = Debug|Any CPU
		{A642CCF3-FF80-4B30-9DEB-D474FD593E8F}.Release|Any CPU.ActiveCfg = Release|Any CPU
		{A642CCF3-FF80-4B30-9DEB-D474FD593E8F}.Release|Any CPU.Build.0 = Release|Any CPU
		{DE2F5FB0-8459-4C88-A4EF-02CE76E08A7B}.Debug|Any CPU.ActiveCfg = Debug|Any CPU
		{DE2F5FB0-8459-4C88-A4EF-02CE76E08A7B}.Debug|Any CPU.Build.0 = Debug|Any CPU
		{DE2F5FB0-8459-4C88-A4EF-02CE76E08A7B}.Release|Any CPU.ActiveCfg = Release|Any CPU
		{DE2F5FB0-8459-4C88-A4EF-02CE76E08A7B}.Release|Any CPU.Build.0 = Release|Any CPU
		{A05FB261-DC59-4279-9000-503260DAD47B}.Debug|Any CPU.ActiveCfg = Debug|Any CPU
		{A05FB261-DC59-4279-9000-503260DAD47B}.Debug|Any CPU.Build.0 = Debug|Any CPU
		{A05FB261-DC59-4279-9000-503260DAD47B}.Release|Any CPU.ActiveCfg = Release|Any CPU
		{A05FB261-DC59-4279-9000-503260DAD47B}.Release|Any CPU.Build.0 = Release|Any CPU
		{052D7EF1-EB75-41F0-9845-469CC18193C4}.Debug|Any CPU.ActiveCfg = Debug|Any CPU
		{052D7EF1-EB75-41F0-9845-469CC18193C4}.Debug|Any CPU.Build.0 = Debug|Any CPU
		{052D7EF1-EB75-41F0-9845-469CC18193C4}.Release|Any CPU.ActiveCfg = Release|Any CPU
		{052D7EF1-EB75-41F0-9845-469CC18193C4}.Release|Any CPU.Build.0 = Release|Any CPU
		{BD09C760-9785-491A-B6B9-D09E8F5F5A48}.Debug|Any CPU.ActiveCfg = Debug|Any CPU
		{BD09C760-9785-491A-B6B9-D09E8F5F5A48}.Debug|Any CPU.Build.0 = Debug|Any CPU
		{BD09C760-9785-491A-B6B9-D09E8F5F5A48}.Release|Any CPU.ActiveCfg = Release|Any CPU
		{BD09C760-9785-491A-B6B9-D09E8F5F5A48}.Release|Any CPU.Build.0 = Release|Any CPU
		{FCE6F394-DF05-42FF-A2F4-B3AD4EAD6EB4}.Debug|Any CPU.ActiveCfg = Debug|Any CPU
		{FCE6F394-DF05-42FF-A2F4-B3AD4EAD6EB4}.Debug|Any CPU.Build.0 = Debug|Any CPU
		{FCE6F394-DF05-42FF-A2F4-B3AD4EAD6EB4}.Release|Any CPU.ActiveCfg = Release|Any CPU
		{FCE6F394-DF05-42FF-A2F4-B3AD4EAD6EB4}.Release|Any CPU.Build.0 = Release|Any CPU
	EndGlobalSection
	GlobalSection(SolutionProperties) = preSolution
		HideSolutionNode = FALSE
	EndGlobalSection
	GlobalSection(NestedProjects) = preSolution
		{E275F205-4136-45B8-B512-735B0AB1CD92} = {BB79FC0B-0153-4645-826F-8FB991D1827D}
		{ECD5BFB9-C75F-42E4-9201-91A31EBCEF38} = {BB79FC0B-0153-4645-826F-8FB991D1827D}
		{9F3119F2-557B-42D2-9B10-0CDE06024350} = {BB79FC0B-0153-4645-826F-8FB991D1827D}
		{B894DAEC-7C76-4639-8E5E-A01A081FD709} = {BB79FC0B-0153-4645-826F-8FB991D1827D}
		{FF4FD6C8-D48B-45D6-8130-9FD46BC28439} = {9F3119F2-557B-42D2-9B10-0CDE06024350}
		{2A30FDD4-744B-4A59-8DEB-7007860A5965} = {9F3119F2-557B-42D2-9B10-0CDE06024350}
		{45C0959A-AEAD-4A39-B205-2BB7255F4291} = {9F3119F2-557B-42D2-9B10-0CDE06024350}
		{E250B45F-C678-44CF-81A9-DD7E53CCF186} = {9F3119F2-557B-42D2-9B10-0CDE06024350}
		{40B4AE45-5EC6-4279-8A29-E8AE9B34578D} = {2A30FDD4-744B-4A59-8DEB-7007860A5965}
		{438FE957-2E90-4718-B117-424B9A3C9BC4} = {FF4FD6C8-D48B-45D6-8130-9FD46BC28439}
		{1597F19D-983C-4FF8-B3D5-4A426BE83819} = {45C0959A-AEAD-4A39-B205-2BB7255F4291}
		{C46044DE-43F1-4E05-93BE-D87380921D03} = {E250B45F-C678-44CF-81A9-DD7E53CCF186}
		{11314606-39F8-4E41-AC94-4D7F9BE5B375} = {A66C27FF-A6ED-4EA2-A0FD-E7446B0F9EBE}
		{67D2D895-2CDE-4C51-9DC6-F5F9D3995118} = {E275F205-4136-45B8-B512-735B0AB1CD92}
		{10CB0076-FA83-4F05-8B69-CA08EDA11B41} = {E275F205-4136-45B8-B512-735B0AB1CD92}
		{52432550-D8F0-4724-8DF8-7611B0E8E5E9} = {E275F205-4136-45B8-B512-735B0AB1CD92}
		{4C748D00-F5FD-4D24-A772-DCC41530E8AF} = {E275F205-4136-45B8-B512-735B0AB1CD92}
		{6D23A238-137C-4328-A5A6-9DB97B796171} = {ECD5BFB9-C75F-42E4-9201-91A31EBCEF38}
		{5742F0BC-48C4-40F8-BE1E-0086CF698408} = {ECD5BFB9-C75F-42E4-9201-91A31EBCEF38}
		{3B05B496-2E19-40BE-96CF-32E6167830A4} = {ECD5BFB9-C75F-42E4-9201-91A31EBCEF38}
		{0BA07F61-B14B-4CC6-AB20-8D4827177E74} = {ECD5BFB9-C75F-42E4-9201-91A31EBCEF38}
		{F7BF3780-0DB4-43D3-B1B1-7EC4EDD9D9AD} = {67D2D895-2CDE-4C51-9DC6-F5F9D3995118}
		{DA3D1EE2-E3ED-43EE-9BD8-5E5A84CAD539} = {10CB0076-FA83-4F05-8B69-CA08EDA11B41}
		{415C4A07-DC5F-49B4-882F-B8457347CFEE} = {52432550-D8F0-4724-8DF8-7611B0E8E5E9}
		{BDD12667-940B-453F-BF5B-330C061E02B4} = {6D23A238-137C-4328-A5A6-9DB97B796171}
		{24D005CE-A72E-4933-8DB9-3566549A374D} = {5742F0BC-48C4-40F8-BE1E-0086CF698408}
		{54DD3ECF-CED7-414B-83AE-8485C004378E} = {3B05B496-2E19-40BE-96CF-32E6167830A4}
		{B3A30ACD-B240-4D62-A585-3551391F43B9} = {0BA07F61-B14B-4CC6-AB20-8D4827177E74}
		{49DC80DF-A999-45B3-B64D-0018808C496D} = {4C748D00-F5FD-4D24-A772-DCC41530E8AF}
		{3EED07C7-07A3-4F67-925C-8D815179B6E1} = {27E9A3AC-4DDE-4FCF-8C26-C29CFE5E9AD0}
		{3F99FAB5-E592-45A5-A06D-D234930E3D58} = {27E9A3AC-4DDE-4FCF-8C26-C29CFE5E9AD0}
		{C657FE09-5CBC-4857-BB1C-66D85E489456} = {3F99FAB5-E592-45A5-A06D-D234930E3D58}
		{A642CCF3-FF80-4B30-9DEB-D474FD593E8F} = {CC93E5A2-0E60-4C7B-8591-C068093AD538}
		{DE2F5FB0-8459-4C88-A4EF-02CE76E08A7B} = {3EED07C7-07A3-4F67-925C-8D815179B6E1}
		{89C4B08A-033E-47D0-9A44-9E5DD6127967} = {B894DAEC-7C76-4639-8E5E-A01A081FD709}
		{36CAEC58-3511-4BCD-A565-4C9F710D4B24} = {B894DAEC-7C76-4639-8E5E-A01A081FD709}
		{81AC5588-9C16-49DF-A910-746C2AA86F4E} = {B894DAEC-7C76-4639-8E5E-A01A081FD709}
		{92B2BD21-EB42-4F77-8B74-1910C76ACB88} = {B894DAEC-7C76-4639-8E5E-A01A081FD709}
		{A05FB261-DC59-4279-9000-503260DAD47B} = {89C4B08A-033E-47D0-9A44-9E5DD6127967}
		{052D7EF1-EB75-41F0-9845-469CC18193C4} = {36CAEC58-3511-4BCD-A565-4C9F710D4B24}
		{BD09C760-9785-491A-B6B9-D09E8F5F5A48} = {81AC5588-9C16-49DF-A910-746C2AA86F4E}
		{FCE6F394-DF05-42FF-A2F4-B3AD4EAD6EB4} = {92B2BD21-EB42-4F77-8B74-1910C76ACB88}
	EndGlobalSection
	GlobalSection(ExtensibilityGlobals) = postSolution
		SolutionGuid = {69207D45-CE7A-43EA-B23E-B57C1C3F7B55}
	EndGlobalSection
EndGlobal
